
Microsoft Visual Studio Solution File, Format Version 11.00
# Visual Studio 2010
Project("{FAE04EC0-301F-11D3-BF4B-00C04F79EFBC}") = "tacocopterbase", "tacocopterbase\tacocopterbase\tacocopterbase.csproj", "{96AFB23E-7AC7-4905-8471-F5CA6106B2CD}"
EndProject
Project("{96E2B04D-8817-42C6-938A-82C39BA4D311}") = "tacocopterbaseContent", "tacocopterbase\tacocopterbaseContent\tacocopterbaseContent.contentproj", "{F418A891-C3BA-4A37-BDCB-E543934F0914}"
EndProject
Global
	GlobalSection(SolutionConfigurationPlatforms) = preSolution
		Debug|x86 = Debug|x86
		Release|x86 = Release|x86
	EndGlobalSection
	GlobalSection(ProjectConfigurationPlatforms) = postSolution
		{96AFB23E-7AC7-4905-8471-F5CA6106B2CD}.Debug|x86.ActiveCfg = Debug|x86
		{96AFB23E-7AC7-4905-8471-F5CA6106B2CD}.Debug|x86.Build.0 = Debug|x86
		{96AFB23E-7AC7-4905-8471-F5CA6106B2CD}.Release|x86.ActiveCfg = Release|x86
		{96AFB23E-7AC7-4905-8471-F5CA6106B2CD}.Release|x86.Build.0 = Release|x86
		{F418A891-C3BA-4A37-BDCB-E543934F0914}.Debug|x86.ActiveCfg = Debug|x86
		{F418A891-C3BA-4A37-BDCB-E543934F0914}.Release|x86.ActiveCfg = Release|x86
	EndGlobalSection
	GlobalSection(SolutionProperties) = preSolution
		HideSolutionNode = FALSE
	EndGlobalSection
EndGlobal
