
Microsoft Visual Studio Solution File, Format Version 11.00
# Visual Studio 2010 Express for Windows Phone
Project("{FAE04EC0-301F-11D3-BF4B-00C04F79EFBC}") = "FontDemoWindows", "FontDemoWindows\FontDemoWindows\FontDemoWindows.csproj", "{6D56777F-3310-4BC2-A033-BF6482D2C191}"
EndProject
Project("{96E2B04D-8817-42C6-938A-82C39BA4D311}") = "FontDemoWindowsContent", "FontDemoWindows\FontDemoWindowsContent\FontDemoWindowsContent.contentproj", "{6A352696-64C1-4B4E-AE82-B108FB55E2B7}"
EndProject
Global
	GlobalSection(SolutionConfigurationPlatforms) = preSolution
		Debug|Any CPU = Debug|Any CPU
		Debug|x86 = Debug|x86
		Release|Any CPU = Release|Any CPU
		Release|x86 = Release|x86
	EndGlobalSection
	GlobalSection(ProjectConfigurationPlatforms) = postSolution
		{6D56777F-3310-4BC2-A033-BF6482D2C191}.Debug|Any CPU.ActiveCfg = Debug|x86
		{6D56777F-3310-4BC2-A033-BF6482D2C191}.Debug|x86.ActiveCfg = Debug|x86
		{6D56777F-3310-4BC2-A033-BF6482D2C191}.Debug|x86.Build.0 = Debug|x86
		{6D56777F-3310-4BC2-A033-BF6482D2C191}.Release|Any CPU.ActiveCfg = Release|x86
		{6D56777F-3310-4BC2-A033-BF6482D2C191}.Release|x86.ActiveCfg = Release|x86
		{6D56777F-3310-4BC2-A033-BF6482D2C191}.Release|x86.Build.0 = Release|x86
		{6A352696-64C1-4B4E-AE82-B108FB55E2B7}.Debug|Any CPU.ActiveCfg = Debug|Any CPU
		{6A352696-64C1-4B4E-AE82-B108FB55E2B7}.Debug|x86.ActiveCfg = Debug|Any CPU
		{6A352696-64C1-4B4E-AE82-B108FB55E2B7}.Release|Any CPU.ActiveCfg = Debug|Any CPU
		{6A352696-64C1-4B4E-AE82-B108FB55E2B7}.Release|x86.ActiveCfg = Debug|Any CPU
	EndGlobalSection
	GlobalSection(SolutionProperties) = preSolution
		HideSolutionNode = FALSE
	EndGlobalSection
EndGlobal
