
Microsoft Visual Studio Solution File, Format Version 11.00
# Visual Studio 2010
Project("{FAE04EC0-301F-11D3-BF4B-00C04F79EFBC}") = "ScrBg", "ScrollingBackgroundWindows\ScrollingBackgroundWindows\ScrBg.csproj", "{5C1321F3-ABE7-4802-ABA8-6A0F415B593D}"
EndProject
Project("{FAE04EC0-301F-11D3-BF4B-00C04F79EFBC}") = "ScrBgContent", "ScrollingBackgroundWindows\ScrollingBackgroundWindowsContent\ScrBgContent.contentproj", "{76BD4D89-5B2E-4521-A2B7-80C00D38B502}"
EndProject
Global
	GlobalSection(SolutionConfigurationPlatforms) = preSolution
		Debug|Any CPU = Debug|Any CPU
		Debug|x86 = Debug|x86
		Release|Any CPU = Release|Any CPU
		Release|x86 = Release|x86
	EndGlobalSection
	GlobalSection(ProjectConfigurationPlatforms) = postSolution
		{5C1321F3-ABE7-4802-ABA8-6A0F415B593D}.Debug|Any CPU.ActiveCfg = Debug|x86
		{5C1321F3-ABE7-4802-ABA8-6A0F415B593D}.Debug|x86.ActiveCfg = Debug|x86
		{5C1321F3-ABE7-4802-ABA8-6A0F415B593D}.Debug|x86.Build.0 = Debug|x86
		{5C1321F3-ABE7-4802-ABA8-6A0F415B593D}.Release|Any CPU.ActiveCfg = Release|x86
		{5C1321F3-ABE7-4802-ABA8-6A0F415B593D}.Release|x86.ActiveCfg = Release|x86
		{5C1321F3-ABE7-4802-ABA8-6A0F415B593D}.Release|x86.Build.0 = Release|x86
		{76BD4D89-5B2E-4521-A2B7-80C00D38B502}.Debug|Any CPU.ActiveCfg = Debug|Any CPU
		{76BD4D89-5B2E-4521-A2B7-80C00D38B502}.Debug|x86.ActiveCfg = Debug|Any CPU
		{76BD4D89-5B2E-4521-A2B7-80C00D38B502}.Release|Any CPU.ActiveCfg = Debug|Any CPU
		{76BD4D89-5B2E-4521-A2B7-80C00D38B502}.Release|x86.ActiveCfg = Debug|Any CPU
	EndGlobalSection
	GlobalSection(SolutionProperties) = preSolution
		HideSolutionNode = FALSE
	EndGlobalSection
EndGlobal
